
Microsoft Visual Studio Solution File, Format Version 12.00
# Visual Studio Version 16
VisualStudioVersion = 16.0.31829.152
MinimumVisualStudioVersion = 10.0.40219.1
Project("{FAE04EC0-301F-11D3-BF4B-00C04F79EFBC}") = "VillageFarm", "VillageFarm\VillageFarm.csproj", "{6897AEA4-F1AF-48CB-9161-92A6A1DAD458}"
EndProject
Global
	GlobalSection(SolutionConfigurationPlatforms) = preSolution
		Debug|Any CPU = Debug|Any CPU
		Release|Any CPU = Release|Any CPU
	EndGlobalSection
	GlobalSection(ProjectConfigurationPlatforms) = postSolution
		{6897AEA4-F1AF-48CB-9161-92A6A1DAD458}.Debug|Any CPU.ActiveCfg = Debug|Any CPU
		{6897AEA4-F1AF-48CB-9161-92A6A1DAD458}.Debug|Any CPU.Build.0 = Debug|Any CPU
		{6897AEA4-F1AF-48CB-9161-92A6A1DAD458}.Release|Any CPU.ActiveCfg = Release|Any CPU
		{6897AEA4-F1AF-48CB-9161-92A6A1DAD458}.Release|Any CPU.Build.0 = Release|Any CPU
	EndGlobalSection
	GlobalSection(SolutionProperties) = preSolution
		HideSolutionNode = FALSE
	EndGlobalSection
	GlobalSection(ExtensibilityGlobals) = postSolution
		SolutionGuid = {B7DE152B-B26D-45EC-B157-99C87FEE45CC}
	EndGlobalSection
EndGlobal
